
Microsoft Visual Studio Solution File, Format Version 12.00
# Visual Studio Version 17
VisualStudioVersion = 17.14.36414.22 d17.14
MinimumVisualStudioVersion = 10.0.40219.1
Project("{FAE04EC0-301F-11D3-BF4B-00C04F79EFBC}") = "WpfApp1", "WpfApp1.csproj", "{8EF935B0-A393-47FD-81DA-897AAD6B72CB}"
EndProject
Global
	GlobalSection(SolutionConfigurationPlatforms) = preSolution
		Debug|Any CPU = Debug|Any CPU
		Release|Any CPU = Release|Any CPU
	EndGlobalSection
	GlobalSection(ProjectConfigurationPlatforms) = postSolution
		{8EF935B0-A393-47FD-81DA-897AAD6B72CB}.Debug|Any CPU.ActiveCfg = Debug|Any CPU
		{8EF935B0-A393-47FD-81DA-897AAD6B72CB}.Debug|Any CPU.Build.0 = Debug|Any CPU
		{8EF935B0-A393-47FD-81DA-897AAD6B72CB}.Release|Any CPU.ActiveCfg = Release|Any CPU
		{8EF935B0-A393-47FD-81DA-897AAD6B72CB}.Release|Any CPU.Build.0 = Release|Any CPU
	EndGlobalSection
	GlobalSection(SolutionProperties) = preSolution
		HideSolutionNode = FALSE
	EndGlobalSection
	GlobalSection(ExtensibilityGlobals) = postSolution
		SolutionGuid = {853BC974-5F01-47AD-9FA7-E2551E8D3892}
	EndGlobalSection
EndGlobal
